
Microsoft Visual Studio Solution File, Format Version 12.00
# Visual Studio Version 17
VisualStudioVersion = 17.7.34009.444
MinimumVisualStudioVersion = 10.0.40219.1
Project("{9A19103F-16F7-4668-BE54-9A1E7A4F7556}") = "Dapper.AutoQuery.Tests", "Dapper.AutoQuery.Tests\Dapper.AutoQuery.Tests.csproj", "{9EB4A99A-4A5A-4F19-B9A5-26329A5D49FC}"
EndProject
Project("{9A19103F-16F7-4668-BE54-9A1E7A4F7556}") = "Dapper.AutoQuery.Lib", "Dapper.AutoQuery.Lib\Dapper.AutoQuery.Lib.csproj", "{93C959AA-52CE-4A4A-817D-7BFF1F30B561}"
EndProject
Project("{9A19103F-16F7-4668-BE54-9A1E7A4F7556}") = "Dapper.AutoQuery.TestModels", "Dapper.AutoQuery.TestModels\Dapper.AutoQuery.TestModels.csproj", "{9E05D908-529B-42F4-8499-1D306136AE89}"
EndProject
Project("{9A19103F-16F7-4668-BE54-9A1E7A4F7556}") = "Dapper.AutoQuery.Playground", "Dapper.AutoQuery.Playground\Dapper.AutoQuery.Playground.csproj", "{9E4A02D0-A711-455C-94E2-FF7F25E65B1A}"
EndProject
Project("{9A19103F-16F7-4668-BE54-9A1E7A4F7556}") = "Dapper.AutoQuery.ExtensionsBenchmark", "Dapper.AutoQuery.ExtensionsBenchmark\Dapper.AutoQuery.ExtensionsBenchmark.csproj", "{82CA6435-BBC9-4D3D-A7D6-2B309D27E9BC}"
EndProject
Project("{FAE04EC0-301F-11D3-BF4B-00C04F79EFBC}") = "Dapper.AutoQuery.SqlServer", "Dapper.AutoQuery.SqlServer\Dapper.AutoQuery.SqlServer.csproj", "{18E3A91F-DC26-44D4-B7E6-7E9F92E7A5E6}"
EndProject
Global
	GlobalSection(SolutionConfigurationPlatforms) = preSolution
		Debug|Any CPU = Debug|Any CPU
		Release|Any CPU = Release|Any CPU
	EndGlobalSection
	GlobalSection(ProjectConfigurationPlatforms) = postSolution
		{9EB4A99A-4A5A-4F19-B9A5-26329A5D49FC}.Debug|Any CPU.ActiveCfg = Debug|Any CPU
		{9EB4A99A-4A5A-4F19-B9A5-26329A5D49FC}.Debug|Any CPU.Build.0 = Debug|Any CPU
		{9EB4A99A-4A5A-4F19-B9A5-26329A5D49FC}.Release|Any CPU.ActiveCfg = Release|Any CPU
		{9EB4A99A-4A5A-4F19-B9A5-26329A5D49FC}.Release|Any CPU.Build.0 = Release|Any CPU
		{93C959AA-52CE-4A4A-817D-7BFF1F30B561}.Debug|Any CPU.ActiveCfg = Debug|Any CPU
		{93C959AA-52CE-4A4A-817D-7BFF1F30B561}.Debug|Any CPU.Build.0 = Debug|Any CPU
		{93C959AA-52CE-4A4A-817D-7BFF1F30B561}.Release|Any CPU.ActiveCfg = Release|Any CPU
		{93C959AA-52CE-4A4A-817D-7BFF1F30B561}.Release|Any CPU.Build.0 = Release|Any CPU
		{9E05D908-529B-42F4-8499-1D306136AE89}.Debug|Any CPU.ActiveCfg = Debug|Any CPU
		{9E05D908-529B-42F4-8499-1D306136AE89}.Debug|Any CPU.Build.0 = Debug|Any CPU
		{9E05D908-529B-42F4-8499-1D306136AE89}.Release|Any CPU.ActiveCfg = Release|Any CPU
		{9E05D908-529B-42F4-8499-1D306136AE89}.Release|Any CPU.Build.0 = Release|Any CPU
		{9E4A02D0-A711-455C-94E2-FF7F25E65B1A}.Debug|Any CPU.ActiveCfg = Debug|Any CPU
		{9E4A02D0-A711-455C-94E2-FF7F25E65B1A}.Debug|Any CPU.Build.0 = Debug|Any CPU
		{9E4A02D0-A711-455C-94E2-FF7F25E65B1A}.Release|Any CPU.ActiveCfg = Release|Any CPU
		{9E4A02D0-A711-455C-94E2-FF7F25E65B1A}.Release|Any CPU.Build.0 = Release|Any CPU
		{82CA6435-BBC9-4D3D-A7D6-2B309D27E9BC}.Debug|Any CPU.ActiveCfg = Debug|Any CPU
		{82CA6435-BBC9-4D3D-A7D6-2B309D27E9BC}.Debug|Any CPU.Build.0 = Debug|Any CPU
		{82CA6435-BBC9-4D3D-A7D6-2B309D27E9BC}.Release|Any CPU.ActiveCfg = Release|Any CPU
		{82CA6435-BBC9-4D3D-A7D6-2B309D27E9BC}.Release|Any CPU.Build.0 = Release|Any CPU
		{18E3A91F-DC26-44D4-B7E6-7E9F92E7A5E6}.Debug|Any CPU.ActiveCfg = Debug|Any CPU
		{18E3A91F-DC26-44D4-B7E6-7E9F92E7A5E6}.Debug|Any CPU.Build.0 = Debug|Any CPU
		{18E3A91F-DC26-44D4-B7E6-7E9F92E7A5E6}.Release|Any CPU.ActiveCfg = Release|Any CPU
		{18E3A91F-DC26-44D4-B7E6-7E9F92E7A5E6}.Release|Any CPU.Build.0 = Release|Any CPU
	EndGlobalSection
	GlobalSection(SolutionProperties) = preSolution
		HideSolutionNode = FALSE
	EndGlobalSection
	GlobalSection(ExtensibilityGlobals) = postSolution
		SolutionGuid = {A600009C-B8EE-437D-B604-1C0B48C31FAC}
	EndGlobalSection
EndGlobal
